
Microsoft Visual Studio Solution File, Format Version 12.00
# Visual Studio Version 17
VisualStudioVersion = 17.0.32112.339
MinimumVisualStudioVersion = 10.0.40219.1
Project("{FAE04EC0-301F-11D3-BF4B-00C04F79EFBC}") = "T-4 Team Bela Problem", "T-4 Team Bela Problem\T-4 Team Bela Problem.csproj", "{3013430D-A916-47DE-A23C-E476740B6F81}"
EndProject
Global
	GlobalSection(SolutionConfigurationPlatforms) = preSolution
		Debug|Any CPU = Debug|Any CPU
		Release|Any CPU = Release|Any CPU
	EndGlobalSection
	GlobalSection(ProjectConfigurationPlatforms) = postSolution
		{3013430D-A916-47DE-A23C-E476740B6F81}.Debug|Any CPU.ActiveCfg = Debug|Any CPU
		{3013430D-A916-47DE-A23C-E476740B6F81}.Debug|Any CPU.Build.0 = Debug|Any CPU
		{3013430D-A916-47DE-A23C-E476740B6F81}.Release|Any CPU.ActiveCfg = Release|Any CPU
		{3013430D-A916-47DE-A23C-E476740B6F81}.Release|Any CPU.Build.0 = Release|Any CPU
	EndGlobalSection
	GlobalSection(SolutionProperties) = preSolution
		HideSolutionNode = FALSE
	EndGlobalSection
	GlobalSection(ExtensibilityGlobals) = postSolution
		SolutionGuid = {25EDF752-7B4A-45B0-BD38-D41DB80ADB62}
	EndGlobalSection
EndGlobal
